// !$*UTF8*$!
{
	archiveVersion = 1;
	classes = {
	};
	objectVersion = 51;
	objects = {

/* Begin PBXBuildFile section */
		3D514F7894C8DBC9EAAE29A9 /* Pods_FlixUITests.framework in Frameworks */ = {isa = PBXBuildFile; fileRef = D3AB3240FC297B886E26A959 /* Pods_FlixUITests.framework */; };
		3DC4569F22C43ADB009282EB /* DetailsViewController.m in Sources */ = {isa = PBXBuildFile; fileRef = 3DC4569E22C43ADB009282EB /* DetailsViewController.m */; };
		3DC456A222C44976009282EB /* MoviesGridViewController.m in Sources */ = {isa = PBXBuildFile; fileRef = 3DC456A122C44976009282EB /* MoviesGridViewController.m */; };
		3DC456E922C55606009282EB /* MovieCollectionCell.m in Sources */ = {isa = PBXBuildFile; fileRef = 3DC456E822C55606009282EB /* MovieCollectionCell.m */; };
		3DCC25F422C3EA6100BA4695 /* AppDelegate.m in Sources */ = {isa = PBXBuildFile; fileRef = 3DCC25F322C3EA6100BA4695 /* AppDelegate.m */; };
		3DCC25FA22C3EA6100BA4695 /* Main.storyboard in Resources */ = {isa = PBXBuildFile; fileRef = 3DCC25F822C3EA6100BA4695 /* Main.storyboard */; };
		3DCC25FC22C3EA6100BA4695 /* Assets.xcassets in Resources */ = {isa = PBXBuildFile; fileRef = 3DCC25FB22C3EA6100BA4695 /* Assets.xcassets */; };
		3DCC25FF22C3EA6100BA4695 /* LaunchScreen.storyboard in Resources */ = {isa = PBXBuildFile; fileRef = 3DCC25FD22C3EA6100BA4695 /* LaunchScreen.storyboard */; };
		3DCC260222C3EA6100BA4695 /* main.m in Sources */ = {isa = PBXBuildFile; fileRef = 3DCC260122C3EA6100BA4695 /* main.m */; };
		3DCC260C22C3EA6100BA4695 /* FlixTests.m in Sources */ = {isa = PBXBuildFile; fileRef = 3DCC260B22C3EA6100BA4695 /* FlixTests.m */; };
		3DCC261722C3EA6100BA4695 /* FlixUITests.m in Sources */ = {isa = PBXBuildFile; fileRef = 3DCC261622C3EA6100BA4695 /* FlixUITests.m */; };
		3DCC262622C3F80B00BA4695 /* MoviesViewController.m in Sources */ = {isa = PBXBuildFile; fileRef = 3DCC262522C3F80B00BA4695 /* MoviesViewController.m */; };
		3DCC262C22C41B2300BA4695 /* MovieCell.m in Sources */ = {isa = PBXBuildFile; fileRef = 3DCC262B22C41B2300BA4695 /* MovieCell.m */; };
		D3E8DF0A935574E81A0C708D /* Pods_FlixTests.framework in Frameworks */ = {isa = PBXBuildFile; fileRef = 97FB5A545852079C93B9BC44 /* Pods_FlixTests.framework */; };
		E4D3B1C7D5B8D095801F9FE9 /* Pods_Flix.framework in Frameworks */ = {isa = PBXBuildFile; fileRef = 25F92BBE5B93A6067707109C /* Pods_Flix.framework */; };
/* End PBXBuildFile section */

/* Begin PBXContainerItemProxy section */
		3DCC260822C3EA6100BA4695 /* PBXContainerItemProxy */ = {
			isa = PBXContainerItemProxy;
			containerPortal = 3DCC25E722C3EA6100BA4695 /* Project object */;
			proxyType = 1;
			remoteGlobalIDString = 3DCC25EE22C3EA6100BA4695;
			remoteInfo = Flix;
		};
		3DCC261322C3EA6100BA4695 /* PBXContainerItemProxy */ = {
			isa = PBXContainerItemProxy;
			containerPortal = 3DCC25E722C3EA6100BA4695 /* Project object */;
			proxyType = 1;
			remoteGlobalIDString = 3DCC25EE22C3EA6100BA4695;
			remoteInfo = Flix;
		};
/* End PBXContainerItemProxy section */

/* Begin PBXFileReference section */
		25F92BBE5B93A6067707109C /* Pods_Flix.framework */ = {isa = PBXFileReference; explicitFileType = wrapper.framework; includeInIndex = 0; path = Pods_Flix.framework; sourceTree = BUILT_PRODUCTS_DIR; };
		31184895CF3FD0F5227C8CE9 /* Pods-Flix.release.xcconfig */ = {isa = PBXFileReference; includeInIndex = 1; lastKnownFileType = text.xcconfig; name = "Pods-Flix.release.xcconfig"; path = "Target Support Files/Pods-Flix/Pods-Flix.release.xcconfig"; sourceTree = "<group>"; };
		3DC4569D22C43ADB009282EB /* DetailsViewController.h */ = {isa = PBXFileReference; lastKnownFileType = sourcecode.c.h; path = DetailsViewController.h; sourceTree = "<group>"; };
		3DC4569E22C43ADB009282EB /* DetailsViewController.m */ = {isa = PBXFileReference; lastKnownFileType = sourcecode.c.objc; path = DetailsViewController.m; sourceTree = "<group>"; };
		3DC456A022C44976009282EB /* MoviesGridViewController.h */ = {isa = PBXFileReference; lastKnownFileType = sourcecode.c.h; path = MoviesGridViewController.h; sourceTree = "<group>"; };
		3DC456A122C44976009282EB /* MoviesGridViewController.m */ = {isa = PBXFileReference; lastKnownFileType = sourcecode.c.objc; path = MoviesGridViewController.m; sourceTree = "<group>"; };
		3DC456E722C55606009282EB /* MovieCollectionCell.h */ = {isa = PBXFileReference; lastKnownFileType = sourcecode.c.h; path = MovieCollectionCell.h; sourceTree = "<group>"; };
		3DC456E822C55606009282EB /* MovieCollectionCell.m */ = {isa = PBXFileReference; lastKnownFileType = sourcecode.c.objc; path = MovieCollectionCell.m; sourceTree = "<group>"; };
		3DCC25EF22C3EA6100BA4695 /* Flix.app */ = {isa = PBXFileReference; explicitFileType = wrapper.application; includeInIndex = 0; path = Flix.app; sourceTree = BUILT_PRODUCTS_DIR; };
		3DCC25F222C3EA6100BA4695 /* AppDelegate.h */ = {isa = PBXFileReference; lastKnownFileType = sourcecode.c.h; path = AppDelegate.h; sourceTree = "<group>"; };
		3DCC25F322C3EA6100BA4695 /* AppDelegate.m */ = {isa = PBXFileReference; lastKnownFileType = sourcecode.c.objc; path = AppDelegate.m; sourceTree = "<group>"; };
		3DCC25F922C3EA6100BA4695 /* Base */ = {isa = PBXFileReference; lastKnownFileType = file.storyboard; name = Base; path = Base.lproj/Main.storyboard; sourceTree = "<group>"; };
		3DCC25FB22C3EA6100BA4695 /* Assets.xcassets */ = {isa = PBXFileReference; lastKnownFileType = folder.assetcatalog; path = Assets.xcassets; sourceTree = "<group>"; };
		3DCC25FE22C3EA6100BA4695 /* Base */ = {isa = PBXFileReference; lastKnownFileType = file.storyboard; name = Base; path = Base.lproj/LaunchScreen.storyboard; sourceTree = "<group>"; };
		3DCC260022C3EA6100BA4695 /* Info.plist */ = {isa = PBXFileReference; lastKnownFileType = text.plist.xml; path = Info.plist; sourceTree = "<group>"; };
		3DCC260122C3EA6100BA4695 /* main.m */ = {isa = PBXFileReference; lastKnownFileType = sourcecode.c.objc; path = main.m; sourceTree = "<group>"; };
		3DCC260722C3EA6100BA4695 /* FlixTests.xctest */ = {isa = PBXFileReference; explicitFileType = wrapper.cfbundle; includeInIndex = 0; path = FlixTests.xctest; sourceTree = BUILT_PRODUCTS_DIR; };
		3DCC260B22C3EA6100BA4695 /* FlixTests.m */ = {isa = PBXFileReference; lastKnownFileType = sourcecode.c.objc; path = FlixTests.m; sourceTree = "<group>"; };
		3DCC260D22C3EA6100BA4695 /* Info.plist */ = {isa = PBXFileReference; lastKnownFileType = text.plist.xml; path = Info.plist; sourceTree = "<group>"; };
		3DCC261222C3EA6100BA4695 /* FlixUITests.xctest */ = {isa = PBXFileReference; explicitFileType = wrapper.cfbundle; includeInIndex = 0; path = FlixUITests.xctest; sourceTree = BUILT_PRODUCTS_DIR; };
		3DCC261622C3EA6100BA4695 /* FlixUITests.m */ = {isa = PBXFileReference; lastKnownFileType = sourcecode.c.objc; path = FlixUITests.m; sourceTree = "<group>"; };
		3DCC261822C3EA6100BA4695 /* Info.plist */ = {isa = PBXFileReference; lastKnownFileType = text.plist.xml; path = Info.plist; sourceTree = "<group>"; };
		3DCC262422C3F80B00BA4695 /* MoviesViewController.h */ = {isa = PBXFileReference; lastKnownFileType = sourcecode.c.h; path = MoviesViewController.h; sourceTree = "<group>"; };
		3DCC262522C3F80B00BA4695 /* MoviesViewController.m */ = {isa = PBXFileReference; lastKnownFileType = sourcecode.c.objc; path = MoviesViewController.m; sourceTree = "<group>"; };
		3DCC262A22C41B2300BA4695 /* MovieCell.h */ = {isa = PBXFileReference; lastKnownFileType = sourcecode.c.h; path = MovieCell.h; sourceTree = "<group>"; };
		3DCC262B22C41B2300BA4695 /* MovieCell.m */ = {isa = PBXFileReference; lastKnownFileType = sourcecode.c.objc; path = MovieCell.m; sourceTree = "<group>"; };
		97FB5A545852079C93B9BC44 /* Pods_FlixTests.framework */ = {isa = PBXFileReference; explicitFileType = wrapper.framework; includeInIndex = 0; path = Pods_FlixTests.framework; sourceTree = BUILT_PRODUCTS_DIR; };
		A52D1F115786AE98C9F3573E /* Pods-FlixUITests.debug.xcconfig */ = {isa = PBXFileReference; includeInIndex = 1; lastKnownFileType = text.xcconfig; name = "Pods-FlixUITests.debug.xcconfig"; path = "Target Support Files/Pods-FlixUITests/Pods-FlixUITests.debug.xcconfig"; sourceTree = "<group>"; };
		B61CD680CFAEE5052477A9DA /* Pods-FlixTests.debug.xcconfig */ = {isa = PBXFileReference; includeInIndex = 1; lastKnownFileType = text.xcconfig; name = "Pods-FlixTests.debug.xcconfig"; path = "Target Support Files/Pods-FlixTests/Pods-FlixTests.debug.xcconfig"; sourceTree = "<group>"; };
		CED3DB86C0FFD94E89B8298A /* Pods-FlixTests.release.xcconfig */ = {isa = PBXFileReference; includeInIndex = 1; lastKnownFileType = text.xcconfig; name = "Pods-FlixTests.release.xcconfig"; path = "Target Support Files/Pods-FlixTests/Pods-FlixTests.release.xcconfig"; sourceTree = "<group>"; };
		D3AB3240FC297B886E26A959 /* Pods_FlixUITests.framework */ = {isa = PBXFileReference; explicitFileType = wrapper.framework; includeInIndex = 0; path = Pods_FlixUITests.framework; sourceTree = BUILT_PRODUCTS_DIR; };
		D6C14DF1D2632872BF4ED458 /* Pods-FlixUITests.release.xcconfig */ = {isa = PBXFileReference; includeInIndex = 1; lastKnownFileType = text.xcconfig; name = "Pods-FlixUITests.release.xcconfig"; path = "Target Support Files/Pods-FlixUITests/Pods-FlixUITests.release.xcconfig"; sourceTree = "<group>"; };
		F74388544E41C1BB418FECEA /* Pods-Flix.debug.xcconfig */ = {isa = PBXFileReference; includeInIndex = 1; lastKnownFileType = text.xcconfig; name = "Pods-Flix.debug.xcconfig"; path = "Target Support Files/Pods-Flix/Pods-Flix.debug.xcconfig"; sourceTree = "<group>"; };
/* End PBXFileReference section */

/* Begin PBXFrameworksBuildPhase section */
		3DCC25EC22C3EA6100BA4695 /* Frameworks */ = {
			isa = PBXFrameworksBuildPhase;
			buildActionMask = 2147483647;
			files = (
				E4D3B1C7D5B8D095801F9FE9 /* Pods_Flix.framework in Frameworks */,
			);
			runOnlyForDeploymentPostprocessing = 0;
		};
		3DCC260422C3EA6100BA4695 /* Frameworks */ = {
			isa = PBXFrameworksBuildPhase;
			buildActionMask = 2147483647;
			files = (
				D3E8DF0A935574E81A0C708D /* Pods_FlixTests.framework in Frameworks */,
			);
			runOnlyForDeploymentPostprocessing = 0;
		};
		3DCC260F22C3EA6100BA4695 /* Frameworks */ = {
			isa = PBXFrameworksBuildPhase;
			buildActionMask = 2147483647;
			files = (
				3D514F7894C8DBC9EAAE29A9 /* Pods_FlixUITests.framework in Frameworks */,
			);
			runOnlyForDeploymentPostprocessing = 0;
		};
/* End PBXFrameworksBuildPhase section */

/* Begin PBXGroup section */
		1ED336B4FE92B6AF92CAEE6D /* Frameworks */ = {
			isa = PBXGroup;
			children = (
				25F92BBE5B93A6067707109C /* Pods_Flix.framework */,
				97FB5A545852079C93B9BC44 /* Pods_FlixTests.framework */,
				D3AB3240FC297B886E26A959 /* Pods_FlixUITests.framework */,
			);
			name = Frameworks;
			sourceTree = "<group>";
		};
		3DCC25E622C3EA6100BA4695 = {
			isa = PBXGroup;
			children = (
				3DCC25F122C3EA6100BA4695 /* Flix */,
				3DCC260A22C3EA6100BA4695 /* FlixTests */,
				3DCC261522C3EA6100BA4695 /* FlixUITests */,
				3DCC25F022C3EA6100BA4695 /* Products */,
				E66209B87F485BFA3921E912 /* Pods */,
				1ED336B4FE92B6AF92CAEE6D /* Frameworks */,
			);
			sourceTree = "<group>";
		};
		3DCC25F022C3EA6100BA4695 /* Products */ = {
			isa = PBXGroup;
			children = (
				3DCC25EF22C3EA6100BA4695 /* Flix.app */,
				3DCC260722C3EA6100BA4695 /* FlixTests.xctest */,
				3DCC261222C3EA6100BA4695 /* FlixUITests.xctest */,
			);
			name = Products;
			sourceTree = "<group>";
		};
		3DCC25F122C3EA6100BA4695 /* Flix */ = {
			isa = PBXGroup;
			children = (
				3DCC262922C3F8F700BA4695 /* Models */,
				3DCC262822C3F8F000BA4695 /* Views */,
				3DCC262722C3F8E300BA4695 /* ViewControllers */,
				3DCC25F222C3EA6100BA4695 /* AppDelegate.h */,
				3DCC25F322C3EA6100BA4695 /* AppDelegate.m */,
				3DCC25F822C3EA6100BA4695 /* Main.storyboard */,
				3DCC25FB22C3EA6100BA4695 /* Assets.xcassets */,
				3DCC25FD22C3EA6100BA4695 /* LaunchScreen.storyboard */,
				3DCC260022C3EA6100BA4695 /* Info.plist */,
				3DCC260122C3EA6100BA4695 /* main.m */,
			);
			path = Flix;
			sourceTree = "<group>";
		};
		3DCC260A22C3EA6100BA4695 /* FlixTests */ = {
			isa = PBXGroup;
			children = (
				3DCC260B22C3EA6100BA4695 /* FlixTests.m */,
				3DCC260D22C3EA6100BA4695 /* Info.plist */,
			);
			path = FlixTests;
			sourceTree = "<group>";
		};
		3DCC261522C3EA6100BA4695 /* FlixUITests */ = {
			isa = PBXGroup;
			children = (
				3DCC261622C3EA6100BA4695 /* FlixUITests.m */,
				3DCC261822C3EA6100BA4695 /* Info.plist */,
			);
			path = FlixUITests;
			sourceTree = "<group>";
		};
		3DCC262722C3F8E300BA4695 /* ViewControllers */ = {
			isa = PBXGroup;
			children = (
				3DCC262422C3F80B00BA4695 /* MoviesViewController.h */,
				3DCC262522C3F80B00BA4695 /* MoviesViewController.m */,
				3DC4569D22C43ADB009282EB /* DetailsViewController.h */,
				3DC4569E22C43ADB009282EB /* DetailsViewController.m */,
				3DC456A022C44976009282EB /* MoviesGridViewController.h */,
				3DC456A122C44976009282EB /* MoviesGridViewController.m */,
			);
			path = ViewControllers;
			sourceTree = "<group>";
		};
		3DCC262822C3F8F000BA4695 /* Views */ = {
			isa = PBXGroup;
			children = (
				3DCC262A22C41B2300BA4695 /* MovieCell.h */,
				3DCC262B22C41B2300BA4695 /* MovieCell.m */,
				3DC456E722C55606009282EB /* MovieCollectionCell.h */,
				3DC456E822C55606009282EB /* MovieCollectionCell.m */,
			);
			path = Views;
			sourceTree = "<group>";
		};
		3DCC262922C3F8F700BA4695 /* Models */ = {
			isa = PBXGroup;
			children = (
			);
			path = Models;
			sourceTree = "<group>";
		};
		E66209B87F485BFA3921E912 /* Pods */ = {
			isa = PBXGroup;
			children = (
				F74388544E41C1BB418FECEA /* Pods-Flix.debug.xcconfig */,
				31184895CF3FD0F5227C8CE9 /* Pods-Flix.release.xcconfig */,
				B61CD680CFAEE5052477A9DA /* Pods-FlixTests.debug.xcconfig */,
				CED3DB86C0FFD94E89B8298A /* Pods-FlixTests.release.xcconfig */,
				A52D1F115786AE98C9F3573E /* Pods-FlixUITests.debug.xcconfig */,
				D6C14DF1D2632872BF4ED458 /* Pods-FlixUITests.release.xcconfig */,
			);
			path = Pods;
			sourceTree = "<group>";
		};
/* End PBXGroup section */

/* Begin PBXNativeTarget section */
		3DCC25EE22C3EA6100BA4695 /* Flix */ = {
			isa = PBXNativeTarget;
			buildConfigurationList = 3DCC261B22C3EA6100BA4695 /* Build configuration list for PBXNativeTarget "Flix" */;
			buildPhases = (
				FC0A5888FD26368DE6D53A28 /* [CP] Check Pods Manifest.lock */,
				3DCC25EB22C3EA6100BA4695 /* Sources */,
				3DCC25EC22C3EA6100BA4695 /* Frameworks */,
				3DCC25ED22C3EA6100BA4695 /* Resources */,
				56292C2080E932409922C216 /* [CP] Embed Pods Frameworks */,
			);
			buildRules = (
			);
			dependencies = (
			);
			name = Flix;
			productName = Flix;
			productReference = 3DCC25EF22C3EA6100BA4695 /* Flix.app */;
			productType = "com.apple.product-type.application";
		};
		3DCC260622C3EA6100BA4695 /* FlixTests */ = {
			isa = PBXNativeTarget;
			buildConfigurationList = 3DCC261E22C3EA6100BA4695 /* Build configuration list for PBXNativeTarget "FlixTests" */;
			buildPhases = (
				A60CF56A7E46413144D235EF /* [CP] Check Pods Manifest.lock */,
				3DCC260322C3EA6100BA4695 /* Sources */,
				3DCC260422C3EA6100BA4695 /* Frameworks */,
				3DCC260522C3EA6100BA4695 /* Resources */,
			);
			buildRules = (
			);
			dependencies = (
				3DCC260922C3EA6100BA4695 /* PBXTargetDependency */,
			);
			name = FlixTests;
			productName = FlixTests;
			productReference = 3DCC260722C3EA6100BA4695 /* FlixTests.xctest */;
			productType = "com.apple.product-type.bundle.unit-test";
		};
		3DCC261122C3EA6100BA4695 /* FlixUITests */ = {
			isa = PBXNativeTarget;
			buildConfigurationList = 3DCC262122C3EA6100BA4695 /* Build configuration list for PBXNativeTarget "FlixUITests" */;
			buildPhases = (
				107D60A68117476F2806D06A /* [CP] Check Pods Manifest.lock */,
				3DCC260E22C3EA6100BA4695 /* Sources */,
				3DCC260F22C3EA6100BA4695 /* Frameworks */,
				3DCC261022C3EA6100BA4695 /* Resources */,
			);
			buildRules = (
			);
			dependencies = (
				3DCC261422C3EA6100BA4695 /* PBXTargetDependency */,
			);
			name = FlixUITests;
			productName = FlixUITests;
			productReference = 3DCC261222C3EA6100BA4695 /* FlixUITests.xctest */;
			productType = "com.apple.product-type.bundle.ui-testing";
		};
/* End PBXNativeTarget section */

/* Begin PBXProject section */
		3DCC25E722C3EA6100BA4695 /* Project object */ = {
			isa = PBXProject;
			attributes = {
				LastUpgradeCheck = 1020;
				ORGANIZATIONNAME = andrews9;
				TargetAttributes = {
					3DCC25EE22C3EA6100BA4695 = {
						CreatedOnToolsVersion = 10.2.1;
					};
					3DCC260622C3EA6100BA4695 = {
						CreatedOnToolsVersion = 10.2.1;
						TestTargetID = 3DCC25EE22C3EA6100BA4695;
					};
					3DCC261122C3EA6100BA4695 = {
						CreatedOnToolsVersion = 10.2.1;
						TestTargetID = 3DCC25EE22C3EA6100BA4695;
					};
				};
			};
			buildConfigurationList = 3DCC25EA22C3EA6100BA4695 /* Build configuration list for PBXProject "Flix" */;
			compatibilityVersion = "Xcode 9.3";
			developmentRegion = en;
			hasScannedForEncodings = 0;
			knownRegions = (
				en,
				Base,
			);
			mainGroup = 3DCC25E622C3EA6100BA4695;
			productRefGroup = 3DCC25F022C3EA6100BA4695 /* Products */;
			projectDirPath = "";
			projectRoot = "";
			targets = (
				3DCC25EE22C3EA6100BA4695 /* Flix */,
				3DCC260622C3EA6100BA4695 /* FlixTests */,
				3DCC261122C3EA6100BA4695 /* FlixUITests */,
			);
		};
/* End PBXProject section */

/* Begin PBXResourcesBuildPhase section */
		3DCC25ED22C3EA6100BA4695 /* Resources */ = {
			isa = PBXResourcesBuildPhase;
			buildActionMask = 2147483647;
			files = (
				3DCC25FF22C3EA6100BA4695 /* LaunchScreen.storyboard in Resources */,
				3DCC25FC22C3EA6100BA4695 /* Assets.xcassets in Resources */,
				3DCC25FA22C3EA6100BA4695 /* Main.storyboard in Resources */,
			);
			runOnlyForDeploymentPostprocessing = 0;
		};
		3DCC260522C3EA6100BA4695 /* Resources */ = {
			isa = PBXResourcesBuildPhase;
			buildActionMask = 2147483647;
			files = (
			);
			runOnlyForDeploymentPostprocessing = 0;
		};
		3DCC261022C3EA6100BA4695 /* Resources */ = {
			isa = PBXResourcesBuildPhase;
			buildActionMask = 2147483647;
			files = (
			);
			runOnlyForDeploymentPostprocessing = 0;
		};
/* End PBXResourcesBuildPhase section */

/* Begin PBXShellScriptBuildPhase section */
		107D60A68117476F2806D06A /* [CP] Check Pods Manifest.lock */ = {
			isa = PBXShellScriptBuildPhase;
			buildActionMask = 2147483647;
			files = (
			);
			inputFileListPaths = (
			);
			inputPaths = (
				"${PODS_PODFILE_DIR_PATH}/Podfile.lock",
				"${PODS_ROOT}/Manifest.lock",
			);
			name = "[CP] Check Pods Manifest.lock";
			outputFileListPaths = (
			);
			outputPaths = (
				"$(DERIVED_FILE_DIR)/Pods-FlixUITests-checkManifestLockResult.txt",
			);
			runOnlyForDeploymentPostprocessing = 0;
			shellPath = /bin/sh;
			shellScript = "diff \"${PODS_PODFILE_DIR_PATH}/Podfile.lock\" \"${PODS_ROOT}/Manifest.lock\" > /dev/null\nif [ $? != 0 ] ; then\n    # print error to STDERR\n    echo \"error: The sandbox is not in sync with the Podfile.lock. Run 'pod install' or update your CocoaPods installation.\" >&2\n    exit 1\nfi\n# This output is used by Xcode 'outputs' to avoid re-running this script phase.\necho \"SUCCESS\" > \"${SCRIPT_OUTPUT_FILE_0}\"\n";
			showEnvVarsInLog = 0;
		};
		56292C2080E932409922C216 /* [CP] Embed Pods Frameworks */ = {
			isa = PBXShellScriptBuildPhase;
			buildActionMask = 2147483647;
			files = (
			);
			inputFileListPaths = (
				"${PODS_ROOT}/Target Support Files/Pods-Flix/Pods-Flix-frameworks-${CONFIGURATION}-input-files.xcfilelist",
			);
			name = "[CP] Embed Pods Frameworks";
			outputFileListPaths = (
				"${PODS_ROOT}/Target Support Files/Pods-Flix/Pods-Flix-frameworks-${CONFIGURATION}-output-files.xcfilelist",
			);
			runOnlyForDeploymentPostprocessing = 0;
			shellPath = /bin/sh;
			shellScript = "\"${PODS_ROOT}/Target Support Files/Pods-Flix/Pods-Flix-frameworks.sh\"\n";
			showEnvVarsInLog = 0;
		};
		A60CF56A7E46413144D235EF /* [CP] Check Pods Manifest.lock */ = {
			isa = PBXShellScriptBuildPhase;
			buildActionMask = 2147483647;
			files = (
			);
			inputFileListPaths = (
			);
			inputPaths = (
				"${PODS_PODFILE_DIR_PATH}/Podfile.lock",
				"${PODS_ROOT}/Manifest.lock",
			);
			name = "[CP] Check Pods Manifest.lock";
			outputFileListPaths = (
			);
			outputPaths = (
				"$(DERIVED_FILE_DIR)/Pods-FlixTests-checkManifestLockResult.txt",
			);
			runOnlyForDeploymentPostprocessing = 0;
			shellPath = /bin/sh;
			shellScript = "diff \"${PODS_PODFILE_DIR_PATH}/Podfile.lock\" \"${PODS_ROOT}/Manifest.lock\" > /dev/null\nif [ $? != 0 ] ; then\n    # print error to STDERR\n    echo \"error: The sandbox is not in sync with the Podfile.lock. Run 'pod install' or update your CocoaPods installation.\" >&2\n    exit 1\nfi\n# This output is used by Xcode 'outputs' to avoid re-running this script phase.\necho \"SUCCESS\" > \"${SCRIPT_OUTPUT_FILE_0}\"\n";
			showEnvVarsInLog = 0;
		};
		FC0A5888FD26368DE6D53A28 /* [CP] Check Pods Manifest.lock */ = {
			isa = PBXShellScriptBuildPhase;
			buildActionMask = 2147483647;
			files = (
			);
			inputFileListPaths = (
			);
			inputPaths = (
				"${PODS_PODFILE_DIR_PATH}/Podfile.lock",
				"${PODS_ROOT}/Manifest.lock",
			);
			name = "[CP] Check Pods Manifest.lock";
			outputFileListPaths = (
			);
			outputPaths = (
				"$(DERIVED_FILE_DIR)/Pods-Flix-checkManifestLockResult.txt",
			);
			runOnlyForDeploymentPostprocessing = 0;
			shellPath = /bin/sh;
			shellScript = "diff \"${PODS_PODFILE_DIR_PATH}/Podfile.lock\" \"${PODS_ROOT}/Manifest.lock\" > /dev/null\nif [ $? != 0 ] ; then\n    # print error to STDERR\n    echo \"error: The sandbox is not in sync with the Podfile.lock. Run 'pod install' or update your CocoaPods installation.\" >&2\n    exit 1\nfi\n# This output is used by Xcode 'outputs' to avoid re-running this script phase.\necho \"SUCCESS\" > \"${SCRIPT_OUTPUT_FILE_0}\"\n";
			showEnvVarsInLog = 0;
		};
/* End PBXShellScriptBuildPhase section */

/* Begin PBXSourcesBuildPhase section */
		3DCC25EB22C3EA6100BA4695 /* Sources */ = {
			isa = PBXSourcesBuildPhase;
			buildActionMask = 2147483647;
			files = (
				3DCC260222C3EA6100BA4695 /* main.m in Sources */,
				3DC4569F22C43ADB009282EB /* DetailsViewController.m in Sources */,
				3DCC25F422C3EA6100BA4695 /* AppDelegate.m in Sources */,
				3DC456E922C55606009282EB /* MovieCollectionCell.m in Sources */,
				3DCC262C22C41B2300BA4695 /* MovieCell.m in Sources */,
				3DCC262622C3F80B00BA4695 /* MoviesViewController.m in Sources */,
				3DC456A222C44976009282EB /* MoviesGridViewController.m in Sources */,
			);
			runOnlyForDeploymentPostprocessing = 0;
		};
		3DCC260322C3EA6100BA4695 /* Sources */ = {
			isa = PBXSourcesBuildPhase;
			buildActionMask = 2147483647;
			files = (
				3DCC260C22C3EA6100BA4695 /* FlixTests.m in Sources */,
			);
			runOnlyForDeploymentPostprocessing = 0;
		};
		3DCC260E22C3EA6100BA4695 /* Sources */ = {
			isa = PBXSourcesBuildPhase;
			buildActionMask = 2147483647;
			files = (
				3DCC261722C3EA6100BA4695 /* FlixUITests.m in Sources */,
			);
			runOnlyForDeploymentPostprocessing = 0;
		};
/* End PBXSourcesBuildPhase section */

/* Begin PBXTargetDependency section */
		3DCC260922C3EA6100BA4695 /* PBXTargetDependency */ = {
			isa = PBXTargetDependency;
			target = 3DCC25EE22C3EA6100BA4695 /* Flix */;
			targetProxy = 3DCC260822C3EA6100BA4695 /* PBXContainerItemProxy */;
		};
		3DCC261422C3EA6100BA4695 /* PBXTargetDependency */ = {
			isa = PBXTargetDependency;
			target = 3DCC25EE22C3EA6100BA4695 /* Flix */;
			targetProxy = 3DCC261322C3EA6100BA4695 /* PBXContainerItemProxy */;
		};
/* End PBXTargetDependency section */

/* Begin PBXVariantGroup section */
		3DCC25F822C3EA6100BA4695 /* Main.storyboard */ = {
			isa = PBXVariantGroup;
			children = (
				3DCC25F922C3EA6100BA4695 /* Base */,
			);
			name = Main.storyboard;
			sourceTree = "<group>";
		};
		3DCC25FD22C3EA6100BA4695 /* LaunchScreen.storyboard */ = {
			isa = PBXVariantGroup;
			children = (
				3DCC25FE22C3EA6100BA4695 /* Base */,
			);
			name = LaunchScreen.storyboard;
			sourceTree = "<group>";
		};
/* End PBXVariantGroup section */

/* Begin XCBuildConfiguration section */
		3DCC261922C3EA6100BA4695 /* Debug */ = {
			isa = XCBuildConfiguration;
			buildSettings = {
				ALWAYS_SEARCH_USER_PATHS = NO;
				CLANG_ANALYZER_NONNULL = YES;
				CLANG_ANALYZER_NUMBER_OBJECT_CONVERSION = YES_AGGRESSIVE;
				CLANG_CXX_LANGUAGE_STANDARD = "gnu++14";
				CLANG_CXX_LIBRARY = "libc++";
				CLANG_ENABLE_MODULES = YES;
				CLANG_ENABLE_OBJC_ARC = YES;
				CLANG_ENABLE_OBJC_WEAK = YES;
				CLANG_WARN_BLOCK_CAPTURE_AUTORELEASING = YES;
				CLANG_WARN_BOOL_CONVERSION = YES;
				CLANG_WARN_COMMA = YES;
				CLANG_WARN_CONSTANT_CONVERSION = YES;
				CLANG_WARN_DEPRECATED_OBJC_IMPLEMENTATIONS = YES;
				CLANG_WARN_DIRECT_OBJC_ISA_USAGE = YES_ERROR;
				CLANG_WARN_DOCUMENTATION_COMMENTS = YES;
				CLANG_WARN_EMPTY_BODY = YES;
				CLANG_WARN_ENUM_CONVERSION = YES;
				CLANG_WARN_INFINITE_RECURSION = YES;
				CLANG_WARN_INT_CONVERSION = YES;
				CLANG_WARN_NON_LITERAL_NULL_CONVERSION = YES;
				CLANG_WARN_OBJC_IMPLICIT_RETAIN_SELF = YES;
				CLANG_WARN_OBJC_LITERAL_CONVERSION = YES;
				CLANG_WARN_OBJC_ROOT_CLASS = YES_ERROR;
				CLANG_WARN_RANGE_LOOP_ANALYSIS = YES;
				CLANG_WARN_STRICT_PROTOTYPES = YES;
				CLANG_WARN_SUSPICIOUS_MOVE = YES;
				CLANG_WARN_UNGUARDED_AVAILABILITY = YES_AGGRESSIVE;
				CLANG_WARN_UNREACHABLE_CODE = YES;
				CLANG_WARN__DUPLICATE_METHOD_MATCH = YES;
				CODE_SIGN_IDENTITY = "iPhone Developer";
				COPY_PHASE_STRIP = NO;
				DEBUG_INFORMATION_FORMAT = dwarf;
				ENABLE_STRICT_OBJC_MSGSEND = YES;
				ENABLE_TESTABILITY = YES;
				GCC_C_LANGUAGE_STANDARD = gnu11;
				GCC_DYNAMIC_NO_PIC = NO;
				GCC_NO_COMMON_BLOCKS = YES;
				GCC_OPTIMIZATION_LEVEL = 0;
				GCC_PREPROCESSOR_DEFINITIONS = (
					"DEBUG=1",
					"$(inherited)",
				);
				GCC_WARN_64_TO_32_BIT_CONVERSION = YES;
				GCC_WARN_ABOUT_RETURN_TYPE = YES_ERROR;
				GCC_WARN_UNDECLARED_SELECTOR = YES;
				GCC_WARN_UNINITIALIZED_AUTOS = YES_AGGRESSIVE;
				GCC_WARN_UNUSED_FUNCTION = YES;
				GCC_WARN_UNUSED_VARIABLE = YES;
				IPHONEOS_DEPLOYMENT_TARGET = 12.2;
				MTL_ENABLE_DEBUG_INFO = INCLUDE_SOURCE;
				MTL_FAST_MATH = YES;
				ONLY_ACTIVE_ARCH = YES;
				SDKROOT = iphoneos;
			};
			name = Debug;
		};
		3DCC261A22C3EA6100BA4695 /* Release */ = {
			isa = XCBuildConfiguration;
			buildSettings = {
				ALWAYS_SEARCH_USER_PATHS = NO;
				CLANG_ANALYZER_NONNULL = YES;
				CLANG_ANALYZER_NUMBER_OBJECT_CONVERSION = YES_AGGRESSIVE;
				CLANG_CXX_LANGUAGE_STANDARD = "gnu++14";
				CLANG_CXX_LIBRARY = "libc++";
				CLANG_ENABLE_MODULES = YES;
				CLANG_ENABLE_OBJC_ARC = YES;
				CLANG_ENABLE_OBJC_WEAK = YES;
				CLANG_WARN_BLOCK_CAPTURE_AUTORELEASING = YES;
				CLANG_WARN_BOOL_CONVERSION = YES;
				CLANG_WARN_COMMA = YES;
				CLANG_WARN_CONSTANT_CONVERSION = YES;
				CLANG_WARN_DEPRECATED_OBJC_IMPLEMENTATIONS = YES;
				CLANG_WARN_DIRECT_OBJC_ISA_USAGE = YES_ERROR;
				CLANG_WARN_DOCUMENTATION_COMMENTS = YES;
				CLANG_WARN_EMPTY_BODY = YES;
				CLANG_WARN_ENUM_CONVERSION = YES;
				CLANG_WARN_INFINITE_RECURSION = YES;
				CLANG_WARN_INT_CONVERSION = YES;
				CLANG_WARN_NON_LITERAL_NULL_CONVERSION = YES;
				CLANG_WARN_OBJC_IMPLICIT_RETAIN_SELF = YES;
				CLANG_WARN_OBJC_LITERAL_CONVERSION = YES;
				CLANG_WARN_OBJC_ROOT_CLASS = YES_ERROR;
				CLANG_WARN_RANGE_LOOP_ANALYSIS = YES;
				CLANG_WARN_STRICT_PROTOTYPES = YES;
				CLANG_WARN_SUSPICIOUS_MOVE = YES;
				CLANG_WARN_UNGUARDED_AVAILABILITY = YES_AGGRESSIVE;
				CLANG_WARN_UNREACHABLE_CODE = YES;
				CLANG_WARN__DUPLICATE_METHOD_MATCH = YES;
				CODE_SIGN_IDENTITY = "iPhone Developer";
				COPY_PHASE_STRIP = NO;
				DEBUG_INFORMATION_FORMAT = "dwarf-with-dsym";
				ENABLE_NS_ASSERTIONS = NO;
				ENABLE_STRICT_OBJC_MSGSEND = YES;
				GCC_C_LANGUAGE_STANDARD = gnu11;
				GCC_NO_COMMON_BLOCKS = YES;
				GCC_WARN_64_TO_32_BIT_CONVERSION = YES;
				GCC_WARN_ABOUT_RETURN_TYPE = YES_ERROR;
				GCC_WARN_UNDECLARED_SELECTOR = YES;
				GCC_WARN_UNINITIALIZED_AUTOS = YES_AGGRESSIVE;
				GCC_WARN_UNUSED_FUNCTION = YES;
				GCC_WARN_UNUSED_VARIABLE = YES;
				IPHONEOS_DEPLOYMENT_TARGET = 12.2;
				MTL_ENABLE_DEBUG_INFO = NO;
				MTL_FAST_MATH = YES;
				SDKROOT = iphoneos;
				VALIDATE_PRODUCT = YES;
			};
			name = Release;
		};
		3DCC261C22C3EA6100BA4695 /* Debug */ = {
			isa = XCBuildConfiguration;
			baseConfigurationReference = F74388544E41C1BB418FECEA /* Pods-Flix.debug.xcconfig */;
			buildSettings = {
				ASSETCATALOG_COMPILER_APPICON_NAME = AppIcon;
				CODE_SIGN_STYLE = Automatic;
				DEVELOPMENT_TEAM = 3W4LX2W697;
				INFOPLIST_FILE = Flix/Info.plist;
				LD_RUNPATH_SEARCH_PATHS = (
					"$(inherited)",
					"@executable_path/Frameworks",
				);
				PRODUCT_BUNDLE_IDENTIFIER = com.andrews9.Flix;
				PRODUCT_NAME = "$(TARGET_NAME)";
				TARGETED_DEVICE_FAMILY = "1,2";
			};
			name = Debug;
		};
		3DCC261D22C3EA6100BA4695 /* Release */ = {
			isa = XCBuildConfiguration;
			baseConfigurationReference = 31184895CF3FD0F5227C8CE9 /* Pods-Flix.release.xcconfig */;
			buildSettings = {
				ASSETCATALOG_COMPILER_APPICON_NAME = AppIcon;
				CODE_SIGN_STYLE = Automatic;
				DEVELOPMENT_TEAM = 3W4LX2W697;
				INFOPLIST_FILE = Flix/Info.plist;
				LD_RUNPATH_SEARCH_PATHS = (
					"$(inherited)",
					"@executable_path/Frameworks",
				);
				PRODUCT_BUNDLE_IDENTIFIER = com.andrews9.Flix;
				PRODUCT_NAME = "$(TARGET_NAME)";
				TARGETED_DEVICE_FAMILY = "1,2";
			};
			name = Release;
		};
		3DCC261F22C3EA6100BA4695 /* Debug */ = {
			isa = XCBuildConfiguration;
			baseConfigurationReference = B61CD680CFAEE5052477A9DA /* Pods-FlixTests.debug.xcconfig */;
			buildSettings = {
				BUNDLE_LOADER = "$(TEST_HOST)";
				CODE_SIGN_STYLE = Automatic;
				INFOPLIST_FILE = FlixTests/Info.plist;
				LD_RUNPATH_SEARCH_PATHS = (
					"$(inherited)",
					"@executable_path/Frameworks",
					"@loader_path/Frameworks",
				);
				PRODUCT_BUNDLE_IDENTIFIER = com.andrews9.FlixTests;
				PRODUCT_NAME = "$(TARGET_NAME)";
				TARGETED_DEVICE_FAMILY = "1,2";
				TEST_HOST = "$(BUILT_PRODUCTS_DIR)/Flix.app/Flix";
			};
			name = Debug;
		};
		3DCC262022C3EA6100BA4695 /* Release */ = {
			isa = XCBuildConfiguration;
			baseConfigurationReference = CED3DB86C0FFD94E89B8298A /* Pods-FlixTests.release.xcconfig */;
			buildSettings = {
				BUNDLE_LOADER = "$(TEST_HOST)";
				CODE_SIGN_STYLE = Automatic;
				INFOPLIST_FILE = FlixTests/Info.plist;
				LD_RUNPATH_SEARCH_PATHS = (
					"$(inherited)",
					"@executable_path/Frameworks",
					"@loader_path/Frameworks",
				);
				PRODUCT_BUNDLE_IDENTIFIER = com.andrews9.FlixTests;
				PRODUCT_NAME = "$(TARGET_NAME)";
				TARGETED_DEVICE_FAMILY = "1,2";
				TEST_HOST = "$(BUILT_PRODUCTS_DIR)/Flix.app/Flix";
			};
			name = Release;
		};
		3DCC262222C3EA6100BA4695 /* Debug */ = {
			isa = XCBuildConfiguration;
			baseConfigurationReference = A52D1F115786AE98C9F3573E /* Pods-FlixUITests.debug.xcconfig */;
			buildSettings = {
				CODE_SIGN_STYLE = Automatic;
				INFOPLIST_FILE = FlixUITests/Info.plist;
				LD_RUNPATH_SEARCH_PATHS = (
					"$(inherited)",
					"@executable_path/Frameworks",
					"@loader_path/Frameworks",
				);
				PRODUCT_BUNDLE_IDENTIFIER = com.andrews9.FlixUITests;
				PRODUCT_NAME = "$(TARGET_NAME)";
				TARGETED_DEVICE_FAMILY = "1,2";
				TEST_TARGET_NAME = Flix;
			};
			name = Debug;
		};
		3DCC262322C3EA6100BA4695 /* Release */ = {
			isa = XCBuildConfiguration;
			baseConfigurationReference = D6C14DF1D2632872BF4ED458 /* Pods-FlixUITests.release.xcconfig */;
			buildSettings = {
				CODE_SIGN_STYLE = Automatic;
				INFOPLIST_FILE = FlixUITests/Info.plist;
				LD_RUNPATH_SEARCH_PATHS = (
					"$(inherited)",
					"@executable_path/Frameworks",
					"@loader_path/Frameworks",
				);
				PRODUCT_BUNDLE_IDENTIFIER = com.andrews9.FlixUITests;
				PRODUCT_NAME = "$(TARGET_NAME)";
				TARGETED_DEVICE_FAMILY = "1,2";
				TEST_TARGET_NAME = Flix;
			};
			name = Release;
		};
/* End XCBuildConfiguration section */

/* Begin XCConfigurationList section */
		3DCC25EA22C3EA6100BA4695 /* Build configuration list for PBXProject "Flix" */ = {
			isa = XCConfigurationList;
			buildConfigurations = (
				3DCC261922C3EA6100BA4695 /* Debug */,
				3DCC261A22C3EA6100BA4695 /* Release */,
			);
			defaultConfigurationIsVisible = 0;
			defaultConfigurationName = Release;
		};
		3DCC261B22C3EA6100BA4695 /* Build configuration list for PBXNativeTarget "Flix" */ = {
			isa = XCConfigurationList;
			buildConfigurations = (
				3DCC261C22C3EA6100BA4695 /* Debug */,
				3DCC261D22C3EA6100BA4695 /* Release */,
			);
			defaultConfigurationIsVisible = 0;
			defaultConfigurationName = Release;
		};
		3DCC261E22C3EA6100BA4695 /* Build configuration list for PBXNativeTarget "FlixTests" */ = {
			isa = XCConfigurationList;
			buildConfigurations = (
				3DCC261F22C3EA6100BA4695 /* Debug */,
				3DCC262022C3EA6100BA4695 /* Release */,
			);
			defaultConfigurationIsVisible = 0;
			defaultConfigurationName = Release;
		};
		3DCC262122C3EA6100BA4695 /* Build configuration list for PBXNativeTarget "FlixUITests" */ = {
			isa = XCConfigurationList;
			buildConfigurations = (
				3DCC262222C3EA6100BA4695 /* Debug */,
				3DCC262322C3EA6100BA4695 /* Release */,
			);
			defaultConfigurationIsVisible = 0;
			defaultConfigurationName = Release;
		};
/* End XCConfigurationList section */
	};
	rootObject = 3DCC25E722C3EA6100BA4695 /* Project object */;
}
